
Microsoft Visual Studio Solution File, Format Version 12.00
# Visual Studio 15
VisualStudioVersion = 15.0.28307.902
MinimumVisualStudioVersion = 10.0.40219.1
Project("{FAE04EC0-301F-11D3-BF4B-00C04F79EFBC}") = "TreeWars", "TreeWars\TreeWars.csproj", "{3FC86E58-8CD5-4614-8697-23EEDE148723}"
EndProject
Project("{FAE04EC0-301F-11D3-BF4B-00C04F79EFBC}") = "TCP客户端", "TCP客户端\TCP客户端.csproj", "{E6A75F7B-338C-4EAD-9DD8-2A5C61484FF1}"
EndProject
Project("{FAE04EC0-301F-11D3-BF4B-00C04F79EFBC}") = "DataBase", "DataBase\DataBase.csproj", "{D7331618-1974-4D98-9020-838072569ED7}"
EndProject
Global
	GlobalSection(SolutionConfigurationPlatforms) = preSolution
		Debug|Any CPU = Debug|Any CPU
		Release|Any CPU = Release|Any CPU
	EndGlobalSection
	GlobalSection(ProjectConfigurationPlatforms) = postSolution
		{3FC86E58-8CD5-4614-8697-23EEDE148723}.Debug|Any CPU.ActiveCfg = Debug|Any CPU
		{3FC86E58-8CD5-4614-8697-23EEDE148723}.Debug|Any CPU.Build.0 = Debug|Any CPU
		{3FC86E58-8CD5-4614-8697-23EEDE148723}.Release|Any CPU.ActiveCfg = Release|Any CPU
		{3FC86E58-8CD5-4614-8697-23EEDE148723}.Release|Any CPU.Build.0 = Release|Any CPU
		{E6A75F7B-338C-4EAD-9DD8-2A5C61484FF1}.Debug|Any CPU.ActiveCfg = Debug|Any CPU
		{E6A75F7B-338C-4EAD-9DD8-2A5C61484FF1}.Debug|Any CPU.Build.0 = Debug|Any CPU
		{E6A75F7B-338C-4EAD-9DD8-2A5C61484FF1}.Release|Any CPU.ActiveCfg = Release|Any CPU
		{E6A75F7B-338C-4EAD-9DD8-2A5C61484FF1}.Release|Any CPU.Build.0 = Release|Any CPU
		{D7331618-1974-4D98-9020-838072569ED7}.Debug|Any CPU.ActiveCfg = Debug|Any CPU
		{D7331618-1974-4D98-9020-838072569ED7}.Debug|Any CPU.Build.0 = Debug|Any CPU
		{D7331618-1974-4D98-9020-838072569ED7}.Release|Any CPU.ActiveCfg = Release|Any CPU
		{D7331618-1974-4D98-9020-838072569ED7}.Release|Any CPU.Build.0 = Release|Any CPU
	EndGlobalSection
	GlobalSection(SolutionProperties) = preSolution
		HideSolutionNode = FALSE
	EndGlobalSection
	GlobalSection(ExtensibilityGlobals) = postSolution
		SolutionGuid = {1E1FF8F2-D453-45E8-B0B0-7BC02E85DF71}
	EndGlobalSection
EndGlobal
